Microsoft Visual Studio Solution File, Format Version 12.00
# Visual Studio Version 17
VisualStudioVersion = 17.5.2.0
MinimumVisualStudioVersion = 10.0.40219.1
Project("{FAE04EC0-301F-11D3-BF4B-00C04F79EFBC}") = "MonopolyWinForms", "MonopolyWinForms.csproj", "{BD5019D3-5E38-151A-AABD-EB4CABAAF382}"
EndProject
Global
	GlobalSection(SolutionConfigurationPlatforms) = preSolution
		Debug|Any CPU = Debug|Any CPU
		Release|Any CPU = Release|Any CPU
	EndGlobalSection
	GlobalSection(ProjectConfigurationPlatforms) = postSolution
		{BD5019D3-5E38-151A-AABD-EB4CABAAF382}.Debug|Any CPU.ActiveCfg = Debug|Any CPU
		{BD5019D3-5E38-151A-AABD-EB4CABAAF382}.Debug|Any CPU.Build.0 = Debug|Any CPU
		{BD5019D3-5E38-151A-AABD-EB4CABAAF382}.Release|Any CPU.ActiveCfg = Release|Any CPU
		{BD5019D3-5E38-151A-AABD-EB4CABAAF382}.Release|Any CPU.Build.0 = Release|Any CPU
	EndGlobalSection
	GlobalSection(SolutionProperties) = preSolution
		HideSolutionNode = FALSE
	EndGlobalSection
	GlobalSection(ExtensibilityGlobals) = postSolution
		SolutionGuid = {9AC42E47-BD67-42CC-9FF5-13AF4B75290D}
	EndGlobalSection
EndGlobal
